
Microsoft Visual Studio Solution File, Format Version 12.00
# Visual Studio Version 17
VisualStudioVersion = 17.4.33403.182
MinimumVisualStudioVersion = 10.0.40219.1
Project("{9A19103F-16F7-4668-BE54-9A1E7A4F7556}") = "OperatorsApp", "OperatorsApp\OperatorsApp.csproj", "{D9AEF2A6-9CF9-40D4-A380-FBA37EFAE441}"
EndProject
Project("{9A19103F-16F7-4668-BE54-9A1E7A4F7556}") = "OperatorsControlFlowTests", "OperatorsControlFlowTests\OperatorsControlFlowTests.csproj", "{88B9D39E-FF80-4252-920A-1E237DC6FA56}"
EndProject
Project("{9A19103F-16F7-4668-BE54-9A1E7A4F7556}") = "ControlFlowApp", "ControlFlowApp\ControlFlowApp.csproj", "{D2B5D01C-4385-45A5-BB61-8C2575A78FAB}"
EndProject
Project("{9A19103F-16F7-4668-BE54-9A1E7A4F7556}") = "ControlFlowAppTest", "ControlFlowAppTest\ControlFlowAppTest.csproj", "{90306728-7024-4F68-8DB7-348D6104B74D}"
EndProject
Project("{9A19103F-16F7-4668-BE54-9A1E7A4F7556}") = "ExceptionApp", "..\ExceptionApp\ExceptionApp.csproj", "{FC77EAE7-50CD-4563-BE82-4B672708DA33}"
EndProject
Project("{9A19103F-16F7-4668-BE54-9A1E7A4F7556}") = "ExceptionDataTypesTests", "ExceptionDataTypesTests\ExceptionDataTypesTests.csproj", "{B2A03B8B-C53E-41D2-AA7E-26517A000B0E}"
EndProject
Project("{FAE04EC0-301F-11D3-BF4B-00C04F79EFBC}") = "NumericalDataTypesApp", "..\NumericalDataTypes\NumericalDataTypesApp.csproj", "{66D46DFA-FCDF-4623-B5BD-9F83B8C86C6F}"
EndProject
Global
	GlobalSection(SolutionConfigurationPlatforms) = preSolution
		Debug|Any CPU = Debug|Any CPU
		Release|Any CPU = Release|Any CPU
	EndGlobalSection
	GlobalSection(ProjectConfigurationPlatforms) = postSolution
		{D9AEF2A6-9CF9-40D4-A380-FBA37EFAE441}.Debug|Any CPU.ActiveCfg = Debug|Any CPU
		{D9AEF2A6-9CF9-40D4-A380-FBA37EFAE441}.Debug|Any CPU.Build.0 = Debug|Any CPU
		{D9AEF2A6-9CF9-40D4-A380-FBA37EFAE441}.Release|Any CPU.ActiveCfg = Release|Any CPU
		{D9AEF2A6-9CF9-40D4-A380-FBA37EFAE441}.Release|Any CPU.Build.0 = Release|Any CPU
		{88B9D39E-FF80-4252-920A-1E237DC6FA56}.Debug|Any CPU.ActiveCfg = Debug|Any CPU
		{88B9D39E-FF80-4252-920A-1E237DC6FA56}.Debug|Any CPU.Build.0 = Debug|Any CPU
		{88B9D39E-FF80-4252-920A-1E237DC6FA56}.Release|Any CPU.ActiveCfg = Release|Any CPU
		{88B9D39E-FF80-4252-920A-1E237DC6FA56}.Release|Any CPU.Build.0 = Release|Any CPU
		{D2B5D01C-4385-45A5-BB61-8C2575A78FAB}.Debug|Any CPU.ActiveCfg = Debug|Any CPU
		{D2B5D01C-4385-45A5-BB61-8C2575A78FAB}.Debug|Any CPU.Build.0 = Debug|Any CPU
		{D2B5D01C-4385-45A5-BB61-8C2575A78FAB}.Release|Any CPU.ActiveCfg = Release|Any CPU
		{D2B5D01C-4385-45A5-BB61-8C2575A78FAB}.Release|Any CPU.Build.0 = Release|Any CPU
		{90306728-7024-4F68-8DB7-348D6104B74D}.Debug|Any CPU.ActiveCfg = Debug|Any CPU
		{90306728-7024-4F68-8DB7-348D6104B74D}.Debug|Any CPU.Build.0 = Debug|Any CPU
		{90306728-7024-4F68-8DB7-348D6104B74D}.Release|Any CPU.ActiveCfg = Release|Any CPU
		{90306728-7024-4F68-8DB7-348D6104B74D}.Release|Any CPU.Build.0 = Release|Any CPU
		{FC77EAE7-50CD-4563-BE82-4B672708DA33}.Debug|Any CPU.ActiveCfg = Debug|Any CPU
		{FC77EAE7-50CD-4563-BE82-4B672708DA33}.Debug|Any CPU.Build.0 = Debug|Any CPU
		{FC77EAE7-50CD-4563-BE82-4B672708DA33}.Release|Any CPU.ActiveCfg = Release|Any CPU
		{FC77EAE7-50CD-4563-BE82-4B672708DA33}.Release|Any CPU.Build.0 = Release|Any CPU
		{B2A03B8B-C53E-41D2-AA7E-26517A000B0E}.Debug|Any CPU.ActiveCfg = Debug|Any CPU
		{B2A03B8B-C53E-41D2-AA7E-26517A000B0E}.Debug|Any CPU.Build.0 = Debug|Any CPU
		{B2A03B8B-C53E-41D2-AA7E-26517A000B0E}.Release|Any CPU.ActiveCfg = Release|Any CPU
		{B2A03B8B-C53E-41D2-AA7E-26517A000B0E}.Release|Any CPU.Build.0 = Release|Any CPU
		{66D46DFA-FCDF-4623-B5BD-9F83B8C86C6F}.Debug|Any CPU.ActiveCfg = Debug|Any CPU
		{66D46DFA-FCDF-4623-B5BD-9F83B8C86C6F}.Debug|Any CPU.Build.0 = Debug|Any CPU
		{66D46DFA-FCDF-4623-B5BD-9F83B8C86C6F}.Release|Any CPU.ActiveCfg = Release|Any CPU
		{66D46DFA-FCDF-4623-B5BD-9F83B8C86C6F}.Release|Any CPU.Build.0 = Release|Any CPU
	EndGlobalSection
	GlobalSection(SolutionProperties) = preSolution
		HideSolutionNode = FALSE
	EndGlobalSection
	GlobalSection(ExtensibilityGlobals) = postSolution
		SolutionGuid = {6C241F98-1697-4D6F-A8FB-52557057D547}
	EndGlobalSection
EndGlobal
