
Microsoft Visual Studio Solution File, Format Version 12.00
# Visual Studio Version 17
VisualStudioVersion = 17.4.33403.182
MinimumVisualStudioVersion = 10.0.40219.1
Project("{9A19103F-16F7-4668-BE54-9A1E7A4F7556}") = "CodeToTest", "CodeToTest.csproj", "{E1E115FC-6C22-4845-A683-AFE6E67869D7}"
EndProject
Project("{FAE04EC0-301F-11D3-BF4B-00C04F79EFBC}") = "UnitTests", "..\UnitTests\UnitTests.csproj", "{7693B0B8-CCB5-4467-816F-36E073093EE0}"
EndProject
Global
	GlobalSection(SolutionConfigurationPlatforms) = preSolution
		Debug|Any CPU = Debug|Any CPU
		Release|Any CPU = Release|Any CPU
	EndGlobalSection
	GlobalSection(ProjectConfigurationPlatforms) = postSolution
		{E1E115FC-6C22-4845-A683-AFE6E67869D7}.Debug|Any CPU.ActiveCfg = Debug|Any CPU
		{E1E115FC-6C22-4845-A683-AFE6E67869D7}.Debug|Any CPU.Build.0 = Debug|Any CPU
		{E1E115FC-6C22-4845-A683-AFE6E67869D7}.Release|Any CPU.ActiveCfg = Release|Any CPU
		{E1E115FC-6C22-4845-A683-AFE6E67869D7}.Release|Any CPU.Build.0 = Release|Any CPU
		{7693B0B8-CCB5-4467-816F-36E073093EE0}.Debug|Any CPU.ActiveCfg = Debug|Any CPU
		{7693B0B8-CCB5-4467-816F-36E073093EE0}.Debug|Any CPU.Build.0 = Debug|Any CPU
		{7693B0B8-CCB5-4467-816F-36E073093EE0}.Release|Any CPU.ActiveCfg = Release|Any CPU
		{7693B0B8-CCB5-4467-816F-36E073093EE0}.Release|Any CPU.Build.0 = Release|Any CPU
	EndGlobalSection
	GlobalSection(SolutionProperties) = preSolution
		HideSolutionNode = FALSE
	EndGlobalSection
	GlobalSection(ExtensibilityGlobals) = postSolution
		SolutionGuid = {83B75921-05CB-4A7B-8415-EFD3F6C1DAD9}
	EndGlobalSection
EndGlobal
